PODS:
  - flutter_local_notifications (0.0.1):
    - FlutterMacOS
  - FlutterMacOS (1.0.0)

DEPENDENCIES:
  - flutter_local_notifications (from `Flutter/ephemeral/.symlinks/plugins/flutter_local_notifications/macos`)
  - FlutterMacOS (from `Flutter/ephemeral`)

EXTERNAL SOURCES:
  flutter_local_notifications:
    :path: Flutter/ephemeral/.symlinks/plugins/flutter_local_notifications/macos
  FlutterMacOS:
    :path: Flutter/ephemeral

SPEC CHECKSUMS:
  flutter_local_notifications: 13862b132e32eb858dea558a86d45d08daeacfe7
  FlutterMacOS: c232990155153907050900a2e175c7773903ba4e

PODFILE CHECKSUM: 1e95c36afbfd1cb6423ceca4de7a8e1b256fb6ac

COCOAPODS: 1.17.0
